
Microsoft Visual Studio Solution File, Format Version 12.00
# Visual Studio Version 17
VisualStudioVersion = 17.5.002.0
MinimumVisualStudioVersion = 10.0.40219.1
Project("{2150E333-8FDC-42A3-9474-1A3956D46DE8}") = "csharp-prep", "csharp-prep", "{C7CF19CD-AA4A-42B0-B5F9-655D85B031C5}"
EndProject
Project("{9A19103F-16F7-4668-BE54-9A1E7A4F7556}") = "Prep1", "csharp-prep\Prep1\Prep1.csproj", "{51872C75-2272-4FE0-9562-7F6BF13220B4}"
EndProject
Project("{9A19103F-16F7-4668-BE54-9A1E7A4F7556}") = "Prep2", "csharp-prep\Prep2\Prep2.csproj", "{C3772705-B5B9-4082-AFC1-4B4C4530FB62}"
EndProject
Project("{9A19103F-16F7-4668-BE54-9A1E7A4F7556}") = "Prep3", "csharp-prep\Prep3\Prep3.csproj", "{58C1F7E7-FA74-4FC8-A81F-8B153461DA55}"
EndProject
Project("{9A19103F-16F7-4668-BE54-9A1E7A4F7556}") = "Prep4", "csharp-prep\Prep4\Prep4.csproj", "{FB52A518-8BDD-4A4D-9123-14FC9D26A200}"
EndProject
Project("{9A19103F-16F7-4668-BE54-9A1E7A4F7556}") = "Prep5", "csharp-prep\Prep5\Prep5.csproj", "{C890E7BA-7DEE-4DEA-A555-4D5BFFFC9CDF}"
EndProject
Project("{2150E333-8FDC-42A3-9474-1A3956D46DE8}") = "final", "final", "{3465C158-A872-4E03-8A94-144CF48CCBFB}"
EndProject
Project("{9A19103F-16F7-4668-BE54-9A1E7A4F7556}") = "FinalProject", "final\FinalProject\FinalProject.csproj", "{F466902F-CE8C-492C-AE23-6CFC43F464D4}"
EndProject
Project("{9A19103F-16F7-4668-BE54-9A1E7A4F7556}") = "Foundation1", "final\Foundation1\Foundation1.csproj", "{F2267453-D1DB-468F-922B-0EBE9601480B}"
EndProject
Project("{9A19103F-16F7-4668-BE54-9A1E7A4F7556}") = "Foundation2", "final\Foundation2\Foundation2.csproj", "{2B02901D-5904-4AAE-9F7F-80A289314CEE}"
EndProject
Project("{9A19103F-16F7-4668-BE54-9A1E7A4F7556}") = "Foundation3", "final\Foundation3\Foundation3.csproj", "{8395349C-7D4E-4446-AFF3-DB96E94ED149}"
EndProject
Project("{9A19103F-16F7-4668-BE54-9A1E7A4F7556}") = "Foundation4", "final\Foundation4\Foundation4.csproj", "{68104B9E-2D25-497D-B871-96EF2A99A1AC}"
EndProject
Project("{2150E333-8FDC-42A3-9474-1A3956D46DE8}") = "prepare", "prepare", "{9EDC80D1-E97B-4424-9C63-6A757326A419}"
EndProject
Project("{9A19103F-16F7-4668-BE54-9A1E7A4F7556}") = "Learning02", "prepare\Learning02\Learning02.csproj", "{F4632D8D-1093-4146-81B4-28E8B333AAF9}"
EndProject
Project("{9A19103F-16F7-4668-BE54-9A1E7A4F7556}") = "Learning03", "prepare\Learning03\Learning03.csproj", "{7BF9B06C-8551-4376-B987-72C1985C6ADD}"
EndProject
Project("{9A19103F-16F7-4668-BE54-9A1E7A4F7556}") = "Learning04", "prepare\Learning04\Learning04.csproj", "{C076EDD4-117F-4A79-BB5B-ED084D8117C5}"
EndProject
Project("{9A19103F-16F7-4668-BE54-9A1E7A4F7556}") = "Learning05", "prepare\Learning05\Learning05.csproj", "{3011F4A1-23F6-4629-8526-88022ECAC06B}"
EndProject
Project("{2150E333-8FDC-42A3-9474-1A3956D46DE8}") = "prove", "prove", "{C31D1878-E5EA-496F-97BD-F771FAABF43B}"
EndProject
Project("{9A19103F-16F7-4668-BE54-9A1E7A4F7556}") = "Develop02", "prove\Develop02\Develop02.csproj", "{43CE9704-EE8C-4F6B-9925-F09F73A2FE50}"
EndProject
Project("{9A19103F-16F7-4668-BE54-9A1E7A4F7556}") = "Develop03", "prove\Develop03\Develop03.csproj", "{475CC5BE-DDAF-4DCB-A66E-99AE352DE8CA}"
EndProject
Project("{9A19103F-16F7-4668-BE54-9A1E7A4F7556}") = "Develop04", "prove\Develop04\Develop04.csproj", "{477D5BA8-DE57-489B-BDD8-F72136BFECA5}"
EndProject
Project("{9A19103F-16F7-4668-BE54-9A1E7A4F7556}") = "Develop05", "prove\Develop05\Develop05.csproj", "{B0982FBC-47D3-419F-ACC1-DA6F54EA4E03}"
EndProject
Project("{2150E333-8FDC-42A3-9474-1A3956D46DE8}") = "sandbox", "sandbox", "{0757EE88-A7BE-469B-A3F1-650AA86BBAD9}"
EndProject
Project("{9A19103F-16F7-4668-BE54-9A1E7A4F7556}") = "Sandbox", "sandbox\Sandbox\Sandbox.csproj", "{7BE8852F-666D-429F-91A6-5A334AFE2D58}"
EndProject
Global
	GlobalSection(SolutionConfigurationPlatforms) = preSolution
		Debug|Any CPU = Debug|Any CPU
		Release|Any CPU = Release|Any CPU
	EndGlobalSection
	GlobalSection(ProjectConfigurationPlatforms) = postSolution
		{51872C75-2272-4FE0-9562-7F6BF13220B4}.Debug|Any CPU.ActiveCfg = Debug|Any CPU
		{51872C75-2272-4FE0-9562-7F6BF13220B4}.Debug|Any CPU.Build.0 = Debug|Any CPU
		{51872C75-2272-4FE0-9562-7F6BF13220B4}.Release|Any CPU.ActiveCfg = Release|Any CPU
		{51872C75-2272-4FE0-9562-7F6BF13220B4}.Release|Any CPU.Build.0 = Release|Any CPU
		{C3772705-B5B9-4082-AFC1-4B4C4530FB62}.Debug|Any CPU.ActiveCfg = Debug|Any CPU
		{C3772705-B5B9-4082-AFC1-4B4C4530FB62}.Debug|Any CPU.Build.0 = Debug|Any CPU
		{C3772705-B5B9-4082-AFC1-4B4C4530FB62}.Release|Any CPU.ActiveCfg = Release|Any CPU
		{C3772705-B5B9-4082-AFC1-4B4C4530FB62}.Release|Any CPU.Build.0 = Release|Any CPU
		{58C1F7E7-FA74-4FC8-A81F-8B153461DA55}.Debug|Any CPU.ActiveCfg = Debug|Any CPU
		{58C1F7E7-FA74-4FC8-A81F-8B153461DA55}.Debug|Any CPU.Build.0 = Debug|Any CPU
		{58C1F7E7-FA74-4FC8-A81F-8B153461DA55}.Release|Any CPU.ActiveCfg = Release|Any CPU
		{58C1F7E7-FA74-4FC8-A81F-8B153461DA55}.Release|Any CPU.Build.0 = Release|Any CPU
		{FB52A518-8BDD-4A4D-9123-14FC9D26A200}.Debug|Any CPU.ActiveCfg = Debug|Any CPU
		{FB52A518-8BDD-4A4D-9123-14FC9D26A200}.Debug|Any CPU.Build.0 = Debug|Any CPU
		{FB52A518-8BDD-4A4D-9123-14FC9D26A200}.Release|Any CPU.ActiveCfg = Release|Any CPU
		{FB52A518-8BDD-4A4D-9123-14FC9D26A200}.Release|Any CPU.Build.0 = Release|Any CPU
		{C890E7BA-7DEE-4DEA-A555-4D5BFFFC9CDF}.Debug|Any CPU.ActiveCfg = Debug|Any CPU
		{C890E7BA-7DEE-4DEA-A555-4D5BFFFC9CDF}.Debug|Any CPU.Build.0 = Debug|Any CPU
		{C890E7BA-7DEE-4DEA-A555-4D5BFFFC9CDF}.Release|Any CPU.ActiveCfg = Release|Any CPU
		{C890E7BA-7DEE-4DEA-A555-4D5BFFFC9CDF}.Release|Any CPU.Build.0 = Release|Any CPU
		{F466902F-CE8C-492C-AE23-6CFC43F464D4}.Debug|Any CPU.ActiveCfg = Debug|Any CPU
		{F466902F-CE8C-492C-AE23-6CFC43F464D4}.Debug|Any CPU.Build.0 = Debug|Any CPU
		{F466902F-CE8C-492C-AE23-6CFC43F464D4}.Release|Any CPU.ActiveCfg = Release|Any CPU
		{F466902F-CE8C-492C-AE23-6CFC43F464D4}.Release|Any CPU.Build.0 = Release|Any CPU
		{F2267453-D1DB-468F-922B-0EBE9601480B}.Debug|Any CPU.ActiveCfg = Debug|Any CPU
		{F2267453-D1DB-468F-922B-0EBE9601480B}.Debug|Any CPU.Build.0 = Debug|Any CPU
		{F2267453-D1DB-468F-922B-0EBE9601480B}.Release|Any CPU.ActiveCfg = Release|Any CPU
		{F2267453-D1DB-468F-922B-0EBE9601480B}.Release|Any CPU.Build.0 = Release|Any CPU
		{2B02901D-5904-4AAE-9F7F-80A289314CEE}.Debug|Any CPU.ActiveCfg = Debug|Any CPU
		{2B02901D-5904-4AAE-9F7F-80A289314CEE}.Debug|Any CPU.Build.0 = Debug|Any CPU
		{2B02901D-5904-4AAE-9F7F-80A289314CEE}.Release|Any CPU.ActiveCfg = Release|Any CPU
		{2B02901D-5904-4AAE-9F7F-80A289314CEE}.Release|Any CPU.Build.0 = Release|Any CPU
		{8395349C-7D4E-4446-AFF3-DB96E94ED149}.Debug|Any CPU.ActiveCfg = Debug|Any CPU
		{8395349C-7D4E-4446-AFF3-DB96E94ED149}.Debug|Any CPU.Build.0 = Debug|Any CPU
		{8395349C-7D4E-4446-AFF3-DB96E94ED149}.Release|Any CPU.ActiveCfg = Release|Any CPU
		{8395349C-7D4E-4446-AFF3-DB96E94ED149}.Release|Any CPU.Build.0 = Release|Any CPU
		{68104B9E-2D25-497D-B871-96EF2A99A1AC}.Debug|Any CPU.ActiveCfg = Debug|Any CPU
		{68104B9E-2D25-497D-B871-96EF2A99A1AC}.Debug|Any CPU.Build.0 = Debug|Any CPU
		{68104B9E-2D25-497D-B871-96EF2A99A1AC}.Release|Any CPU.ActiveCfg = Release|Any CPU
		{68104B9E-2D25-497D-B871-96EF2A99A1AC}.Release|Any CPU.Build.0 = Release|Any CPU
		{F4632D8D-1093-4146-81B4-28E8B333AAF9}.Debug|Any CPU.ActiveCfg = Debug|Any CPU
		{F4632D8D-1093-4146-81B4-28E8B333AAF9}.Debug|Any CPU.Build.0 = Debug|Any CPU
		{F4632D8D-1093-4146-81B4-28E8B333AAF9}.Release|Any CPU.ActiveCfg = Release|Any CPU
		{F4632D8D-1093-4146-81B4-28E8B333AAF9}.Release|Any CPU.Build.0 = Release|Any CPU
		{7BF9B06C-8551-4376-B987-72C1985C6ADD}.Debug|Any CPU.ActiveCfg = Debug|Any CPU
		{7BF9B06C-8551-4376-B987-72C1985C6ADD}.Debug|Any CPU.Build.0 = Debug|Any CPU
		{7BF9B06C-8551-4376-B987-72C1985C6ADD}.Release|Any CPU.ActiveCfg = Release|Any CPU
		{7BF9B06C-8551-4376-B987-72C1985C6ADD}.Release|Any CPU.Build.0 = Release|Any CPU
		{C076EDD4-117F-4A79-BB5B-ED084D8117C5}.Debug|Any CPU.ActiveCfg = Debug|Any CPU
		{C076EDD4-117F-4A79-BB5B-ED084D8117C5}.Debug|Any CPU.Build.0 = Debug|Any CPU
		{C076EDD4-117F-4A79-BB5B-ED084D8117C5}.Release|Any CPU.ActiveCfg = Release|Any CPU
		{C076EDD4-117F-4A79-BB5B-ED084D8117C5}.Release|Any CPU.Build.0 = Release|Any CPU
		{3011F4A1-23F6-4629-8526-88022ECAC06B}.Debug|Any CPU.ActiveCfg = Debug|Any CPU
		{3011F4A1-23F6-4629-8526-88022ECAC06B}.Debug|Any CPU.Build.0 = Debug|Any CPU
		{3011F4A1-23F6-4629-8526-88022ECAC06B}.Release|Any CPU.ActiveCfg = Release|Any CPU
		{3011F4A1-23F6-4629-8526-88022ECAC06B}.Release|Any CPU.Build.0 = Release|Any CPU
		{43CE9704-EE8C-4F6B-9925-F09F73A2FE50}.Debug|Any CPU.ActiveCfg = Debug|Any CPU
		{43CE9704-EE8C-4F6B-9925-F09F73A2FE50}.Debug|Any CPU.Build.0 = Debug|Any CPU
		{43CE9704-EE8C-4F6B-9925-F09F73A2FE50}.Release|Any CPU.ActiveCfg = Release|Any CPU
		{43CE9704-EE8C-4F6B-9925-F09F73A2FE50}.Release|Any CPU.Build.0 = Release|Any CPU
		{475CC5BE-DDAF-4DCB-A66E-99AE352DE8CA}.Debug|Any CPU.ActiveCfg = Debug|Any CPU
		{475CC5BE-DDAF-4DCB-A66E-99AE352DE8CA}.Debug|Any CPU.Build.0 = Debug|Any CPU
		{475CC5BE-DDAF-4DCB-A66E-99AE352DE8CA}.Release|Any CPU.ActiveCfg = Release|Any CPU
		{475CC5BE-DDAF-4DCB-A66E-99AE352DE8CA}.Release|Any CPU.Build.0 = Release|Any CPU
		{477D5BA8-DE57-489B-BDD8-F72136BFECA5}.Debug|Any CPU.ActiveCfg = Debug|Any CPU
		{477D5BA8-DE57-489B-BDD8-F72136BFECA5}.Debug|Any CPU.Build.0 = Debug|Any CPU
		{477D5BA8-DE57-489B-BDD8-F72136BFECA5}.Release|Any CPU.ActiveCfg = Release|Any CPU
		{477D5BA8-DE57-489B-BDD8-F72136BFECA5}.Release|Any CPU.Build.0 = Release|Any CPU
		{B0982FBC-47D3-419F-ACC1-DA6F54EA4E03}.Debug|Any CPU.ActiveCfg = Debug|Any CPU
		{B0982FBC-47D3-419F-ACC1-DA6F54EA4E03}.Debug|Any CPU.Build.0 = Debug|Any CPU
		{B0982FBC-47D3-419F-ACC1-DA6F54EA4E03}.Release|Any CPU.ActiveCfg = Release|Any CPU
		{B0982FBC-47D3-419F-ACC1-DA6F54EA4E03}.Release|Any CPU.Build.0 = Release|Any CPU
		{7BE8852F-666D-429F-91A6-5A334AFE2D58}.Debug|Any CPU.ActiveCfg = Debug|Any CPU
		{7BE8852F-666D-429F-91A6-5A334AFE2D58}.Debug|Any CPU.Build.0 = Debug|Any CPU
		{7BE8852F-666D-429F-91A6-5A334AFE2D58}.Release|Any CPU.ActiveCfg = Release|Any CPU
		{7BE8852F-666D-429F-91A6-5A334AFE2D58}.Release|Any CPU.Build.0 = Release|Any CPU
	EndGlobalSection
	GlobalSection(SolutionProperties) = preSolution
		HideSolutionNode = FALSE
	EndGlobalSection
	GlobalSection(NestedProjects) = preSolution
		{51872C75-2272-4FE0-9562-7F6BF13220B4} = {C7CF19CD-AA4A-42B0-B5F9-655D85B031C5}
		{C3772705-B5B9-4082-AFC1-4B4C4530FB62} = {C7CF19CD-AA4A-42B0-B5F9-655D85B031C5}
		{58C1F7E7-FA74-4FC8-A81F-8B153461DA55} = {C7CF19CD-AA4A-42B0-B5F9-655D85B031C5}
		{FB52A518-8BDD-4A4D-9123-14FC9D26A200} = {C7CF19CD-AA4A-42B0-B5F9-655D85B031C5}
		{C890E7BA-7DEE-4DEA-A555-4D5BFFFC9CDF} = {C7CF19CD-AA4A-42B0-B5F9-655D85B031C5}
		{F466902F-CE8C-492C-AE23-6CFC43F464D4} = {3465C158-A872-4E03-8A94-144CF48CCBFB}
		{F2267453-D1DB-468F-922B-0EBE9601480B} = {3465C158-A872-4E03-8A94-144CF48CCBFB}
		{2B02901D-5904-4AAE-9F7F-80A289314CEE} = {3465C158-A872-4E03-8A94-144CF48CCBFB}
		{8395349C-7D4E-4446-AFF3-DB96E94ED149} = {3465C158-A872-4E03-8A94-144CF48CCBFB}
		{68104B9E-2D25-497D-B871-96EF2A99A1AC} = {3465C158-A872-4E03-8A94-144CF48CCBFB}
		{F4632D8D-1093-4146-81B4-28E8B333AAF9} = {9EDC80D1-E97B-4424-9C63-6A757326A419}
		{7BF9B06C-8551-4376-B987-72C1985C6ADD} = {9EDC80D1-E97B-4424-9C63-6A757326A419}
		{C076EDD4-117F-4A79-BB5B-ED084D8117C5} = {9EDC80D1-E97B-4424-9C63-6A757326A419}
		{3011F4A1-23F6-4629-8526-88022ECAC06B} = {9EDC80D1-E97B-4424-9C63-6A757326A419}
		{43CE9704-EE8C-4F6B-9925-F09F73A2FE50} = {C31D1878-E5EA-496F-97BD-F771FAABF43B}
		{475CC5BE-DDAF-4DCB-A66E-99AE352DE8CA} = {C31D1878-E5EA-496F-97BD-F771FAABF43B}
		{477D5BA8-DE57-489B-BDD8-F72136BFECA5} = {C31D1878-E5EA-496F-97BD-F771FAABF43B}
		{B0982FBC-47D3-419F-ACC1-DA6F54EA4E03} = {C31D1878-E5EA-496F-97BD-F771FAABF43B}
		{7BE8852F-666D-429F-91A6-5A334AFE2D58} = {0757EE88-A7BE-469B-A3F1-650AA86BBAD9}
	EndGlobalSection
	GlobalSection(ExtensibilityGlobals) = postSolution
		SolutionGuid = {ABBD5185-7AAA-45E1-AA6B-A679F1C7600E}
	EndGlobalSection
EndGlobal
